
Microsoft Visual Studio Solution File, Format Version 12.00
# Visual Studio 15
VisualStudioVersion = 15.0.27428.2037
MinimumVisualStudioVersion = 10.0.40219.1
Project("{FAE04EC0-301F-11D3-BF4B-00C04F79EFBC}") = "Diseño de registro", "Diseño de registro\Diseño de registro.csproj", "{AF238EB4-14B9-487F-B72E-A8DC3F667C36}"
EndProject
Global
	GlobalSection(SolutionConfigurationPlatforms) = preSolution
		Debug|Any CPU = Debug|Any CPU
		Release|Any CPU = Release|Any CPU
	EndGlobalSection
	GlobalSection(ProjectConfigurationPlatforms) = postSolution
		{AF238EB4-14B9-487F-B72E-A8DC3F667C36}.Debug|Any CPU.ActiveCfg = Debug|Any CPU
		{AF238EB4-14B9-487F-B72E-A8DC3F667C36}.Debug|Any CPU.Build.0 = Debug|Any CPU
		{AF238EB4-14B9-487F-B72E-A8DC3F667C36}.Release|Any CPU.ActiveCfg = Release|Any CPU
		{AF238EB4-14B9-487F-B72E-A8DC3F667C36}.Release|Any CPU.Build.0 = Release|Any CPU
	EndGlobalSection
	GlobalSection(SolutionProperties) = preSolution
		HideSolutionNode = FALSE
	EndGlobalSection
	GlobalSection(ExtensibilityGlobals) = postSolution
		SolutionGuid = {A6FF588B-A4A1-4026-880B-1479D92491D4}
	EndGlobalSection
EndGlobal
